<?xml version="1.0" encoding="utf-8"?>
<Project ToolsVersion="4.0" xmlns="http://schemas.microsoft.com/developer/msbuild/2003">
  <ItemGroup>
    <Filter Include="소스 파일">
      <UniqueIdentifier>{4FC737F1-C7A5-4376-A066-2A32D752A2FF}</UniqueIdentifier>
      <Extensions>cpp;c;cc;cxx;def;odl;idl;hpj;bat;asm;asmx</Extensions>
    </Filter>
    <Filter Include="헤더 파일">
      <UniqueIdentifier>{93995380-89BD-4b04-88EB-625FBE52EBFB}</UniqueIdentifier>
      <Extensions>h;hpp;hxx;hm;inl;inc;xsd</Extensions>
    </Filter>
    <Filter Include="리소스 파일">
      <UniqueIdentifier>{67DA6AB6-F800-4c08-8B7A-83BB121AAD01}</UniqueIdentifier>
      <Extensions>rc;ico;cur;bmp;dlg;rc2;rct;bin;rgs;gif;jpg;jpeg;jpe;resx;tiff;tif;png;wav;mfcribbon-ms</Extensions>
    </Filter>
    <Filter Include="BilinearFilter">
      <UniqueIdentifier>{003652f1-03b6-430c-8ab9-28eae1c95b2e}</UniqueIdentifier>
    </Filter>
  </ItemGroup>
  <ItemGroup>
    <None Include="ReadMe.txt" />
    <None Include="SWBilinearDownScaling.cl" />
    <None Include="SWBilinearUpScaling.cl" />
  </ItemGroup>
  <ItemGroup>
    <ClInclude Include="stdafx.h">
      <Filter>헤더 파일</Filter>
    </ClInclude>
    <ClInclude Include="targetver.h">
      <Filter>헤더 파일</Filter>
    </ClInclude>
    <ClInclude Include="ImageScaler.h">
      <Filter>헤더 파일</Filter>
    </ClInclude>
    <ClInclude Include="Util.h">
      <Filter>헤더 파일</Filter>
    </ClInclude>
    <ClInclude Include="ImageFileIOHandler.h">
      <Filter>헤더 파일</Filter>
    </ClInclude>
    <ClInclude Include="SubTileType.h">
      <Filter>헤더 파일</Filter>
    </ClInclude>
    <ClInclude Include="BilinearFilter_FreeImage.h">
      <Filter>BilinearFilter</Filter>
    </ClInclude>
    <ClInclude Include="BilinearFilter.h">
      <Filter>BilinearFilter</Filter>
    </ClInclude>
    <ClInclude Include="BilinearFilter_OpenCL.h">
      <Filter>BilinearFilter</Filter>
    </ClInclude>
    <ClInclude Include="Runner.h">
      <Filter>헤더 파일</Filter>
    </ClInclude>
    <ClInclude Include="PerformanceTimer.h">
      <Filter>헤더 파일</Filter>
    </ClInclude>
    <ClInclude Include="BilinearFilter_Multithread.h">
      <Filter>BilinearFilter</Filter>
    </ClInclude>
    <ClInclude Include="OpenCLEnvironment.h">
      <Filter>헤더 파일</Filter>
    </ClInclude>
    <ClInclude Include="BilinearFilter_Heterogeneous.h">
      <Filter>BilinearFilter</Filter>
    </ClInclude>
  </ItemGroup>
  <ItemGroup>
    <ClCompile Include="stdafx.cpp">
      <Filter>소스 파일</Filter>
    </ClCompile>
    <ClCompile Include="test.cpp">
      <Filter>소스 파일</Filter>
    </ClCompile>
    <ClCompile Include="ImageScaler.cpp">
      <Filter>소스 파일</Filter>
    </ClCompile>
    <ClCompile Include="ImageFileIOHandler.cpp">
      <Filter>소스 파일</Filter>
    </ClCompile>
    <ClCompile Include="BilinearFilter_FreeImage.cpp">
      <Filter>BilinearFilter</Filter>
    </ClCompile>
    <ClCompile Include="BilinearFilter_OpenCL.cpp">
      <Filter>BilinearFilter</Filter>
    </ClCompile>
    <ClCompile Include="BilinearFilter.cpp">
      <Filter>BilinearFilter</Filter>
    </ClCompile>
    <ClCompile Include="Runner.cpp">
      <Filter>소스 파일</Filter>
    </ClCompile>
    <ClCompile Include="PerformanceTimer.cpp">
      <Filter>소스 파일</Filter>
    </ClCompile>
    <ClCompile Include="Util.cpp">
      <Filter>소스 파일</Filter>
    </ClCompile>
    <ClCompile Include="OpenCLEnvironment.cpp">
      <Filter>소스 파일</Filter>
    </ClCompile>
    <ClCompile Include="BilinearFilter_Multithread.cpp">
      <Filter>BilinearFilter</Filter>
    </ClCompile>
    <ClCompile Include="BilinearFilter_Heterogeneous.cpp">
      <Filter>BilinearFilter</Filter>
    </ClCompile>
  </ItemGroup>
</Project>